
Microsoft Visual Studio Solution File, Format Version 12.00
# Visual Studio Version 17
VisualStudioVersion = 17.0.31903.59
MinimumVisualStudioVersion = 10.0.40219.1
Project("{9A19103F-16F7-4668-BE54-9A1E7A4F7556}") = "TseVotingResult.Function", "TseVotingResult.Function\TseVotingResult.Function.csproj", "{BE7C7474-37A6-4CD5-A7DD-E8A770B7674C}"
EndProject
Global
	GlobalSection(SolutionConfigurationPlatforms) = preSolution
		Debug|Any CPU = Debug|Any CPU
		Release|Any CPU = Release|Any CPU
	EndGlobalSection
	GlobalSection(ProjectConfigurationPlatforms) = postSolution
		{BE7C7474-37A6-4CD5-A7DD-E8A770B7674C}.Debug|Any CPU.ActiveCfg = Debug|Any CPU
		{BE7C7474-37A6-4CD5-A7DD-E8A770B7674C}.Debug|Any CPU.Build.0 = Debug|Any CPU
		{BE7C7474-37A6-4CD5-A7DD-E8A770B7674C}.Release|Any CPU.ActiveCfg = Release|Any CPU
		{BE7C7474-37A6-4CD5-A7DD-E8A770B7674C}.Release|Any CPU.Build.0 = Release|Any CPU
	EndGlobalSection
	GlobalSection(SolutionProperties) = preSolution
		HideSolutionNode = FALSE
	EndGlobalSection
	GlobalSection(ExtensibilityGlobals) = postSolution
		SolutionGuid = {CAB423B2-19DF-48B4-90D0-86FC5674608F}
	EndGlobalSection
EndGlobal
